
Microsoft Visual Studio Solution File, Format Version 12.00
# Visual Studio Version 17
VisualStudioVersion = 17.14.36203.30 d17.14
MinimumVisualStudioVersion = 10.0.40219.1
Project("{FAE04EC0-301F-11D3-BF4B-00C04F79EFBC}") = "AttendanceApi.Core", "AttendanceApi.Core\AttendanceApi.Core.csproj", "{41693E59-6439-4619-98E4-E93FDC1BA999}"
EndProject
Global
	GlobalSection(SolutionConfigurationPlatforms) = preSolution
		Debug|Any CPU = Debug|Any CPU
		Release|Any CPU = Release|Any CPU
	EndGlobalSection
	GlobalSection(ProjectConfigurationPlatforms) = postSolution
		{41693E59-6439-4619-98E4-E93FDC1BA999}.Debug|Any CPU.ActiveCfg = Debug|Any CPU
		{41693E59-6439-4619-98E4-E93FDC1BA999}.Debug|Any CPU.Build.0 = Debug|Any CPU
		{41693E59-6439-4619-98E4-E93FDC1BA999}.Release|Any CPU.ActiveCfg = Release|Any CPU
		{41693E59-6439-4619-98E4-E93FDC1BA999}.Release|Any CPU.Build.0 = Release|Any CPU
	EndGlobalSection
	GlobalSection(SolutionProperties) = preSolution
		HideSolutionNode = FALSE
	EndGlobalSection
	GlobalSection(ExtensibilityGlobals) = postSolution
		SolutionGuid = {5F4D13F7-E11B-42C2-A59D-B0A03F98273E}
	EndGlobalSection
EndGlobal
